
Microsoft Visual Studio Solution File, Format Version 12.00
# Visual Studio Version 17
VisualStudioVersion = 17.13.35931.197 d17.13
MinimumVisualStudioVersion = 10.0.40219.1
Project("{FAE04EC0-301F-11D3-BF4B-00C04F79EFBC}") = "TargDeMasini", "TargDeMasini.csproj", "{028EF549-EB3B-4068-A62D-E32B8DAE9BE4}"
EndProject
Project("{FAE04EC0-301F-11D3-BF4B-00C04F79EFBC}") = "MainForm", "..\MainForm\MainForm.csproj", "{F42629C3-3378-4544-8B40-A95AC4D8D8AF}"
EndProject
Global
	GlobalSection(SolutionConfigurationPlatforms) = preSolution
		Debug|Any CPU = Debug|Any CPU
		Release|Any CPU = Release|Any CPU
	EndGlobalSection
	GlobalSection(ProjectConfigurationPlatforms) = postSolution
		{028EF549-EB3B-4068-A62D-E32B8DAE9BE4}.Debug|Any CPU.ActiveCfg = Debug|Any CPU
		{028EF549-EB3B-4068-A62D-E32B8DAE9BE4}.Debug|Any CPU.Build.0 = Debug|Any CPU
		{028EF549-EB3B-4068-A62D-E32B8DAE9BE4}.Release|Any CPU.ActiveCfg = Release|Any CPU
		{028EF549-EB3B-4068-A62D-E32B8DAE9BE4}.Release|Any CPU.Build.0 = Release|Any CPU
		{F42629C3-3378-4544-8B40-A95AC4D8D8AF}.Debug|Any CPU.ActiveCfg = Debug|Any CPU
		{F42629C3-3378-4544-8B40-A95AC4D8D8AF}.Debug|Any CPU.Build.0 = Debug|Any CPU
		{F42629C3-3378-4544-8B40-A95AC4D8D8AF}.Release|Any CPU.ActiveCfg = Release|Any CPU
		{F42629C3-3378-4544-8B40-A95AC4D8D8AF}.Release|Any CPU.Build.0 = Release|Any CPU
	EndGlobalSection
	GlobalSection(SolutionProperties) = preSolution
		HideSolutionNode = FALSE
	EndGlobalSection
	GlobalSection(ExtensibilityGlobals) = postSolution
		SolutionGuid = {7F7D92D5-18ED-4FAE-969C-B6FEB43582E3}
	EndGlobalSection
EndGlobal
